// !$*UTF8*$!
{
	archiveVersion = 1;
	classes = {
	};
	objectVersion = 48;
	objects = {

/* Begin PBXBuildFile section */
		4445A2871FFB84010082A179 /* PersonTest.m in Sources */ = {isa = PBXBuildFile; fileRef = 4445A2861FFB84010082A179 /* PersonTest.m */; };
		446E3CCF1FDACE4500AE99D7 /* Person.m in Sources */ = {isa = PBXBuildFile; fileRef = 446E3CCE1FDACE4500AE99D7 /* Person.m */; };
		44F54F011FC851B400FB0ACA /* AppDelegate.m in Sources */ = {isa = PBXBuildFile; fileRef = 44F54F001FC851B400FB0ACA /* AppDelegate.m */; };
		44F54F041FC851B400FB0ACA /* ViewController.m in Sources */ = {isa = PBXBuildFile; fileRef = 44F54F031FC851B400FB0ACA /* ViewController.m */; };
		44F54F071FC851B400FB0ACA /* Main.storyboard in Resources */ = {isa = PBXBuildFile; fileRef = 44F54F051FC851B400FB0ACA /* Main.storyboard */; };
		44F54F091FC851B400FB0ACA /* Assets.xcassets in Resources */ = {isa = PBXBuildFile; fileRef = 44F54F081FC851B400FB0ACA /* Assets.xcassets */; };
		44F54F0C1FC851B400FB0ACA /* LaunchScreen.storyboard in Resources */ = {isa = PBXBuildFile; fileRef = 44F54F0A1FC851B400FB0ACA /* LaunchScreen.storyboard */; };
		44F54F0F1FC851B400FB0ACA /* main.m in Sources */ = {isa = PBXBuildFile; fileRef = 44F54F0E1FC851B400FB0ACA /* main.m */; };
		44F54F191FC851B400FB0ACA /* TableViewTestTests.m in Sources */ = {isa = PBXBuildFile; fileRef = 44F54F181FC851B400FB0ACA /* TableViewTestTests.m */; };
		44F54F241FC851B400FB0ACA /* TableViewTestUITests.m in Sources */ = {isa = PBXBuildFile; fileRef = 44F54F231FC851B400FB0ACA /* TableViewTestUITests.m */; };
		44F54F331FC864D900FB0ACA /* NameTableViewCell.m in Sources */ = {isa = PBXBuildFile; fileRef = 44F54F321FC864D900FB0ACA /* NameTableViewCell.m */; };
		44F54F371FC8720400FB0ACA /* TableViewTest.m in Sources */ = {isa = PBXBuildFile; fileRef = 44F54F361FC8720400FB0ACA /* TableViewTest.m */; };
/* End PBXBuildFile section */

/* Begin PBXContainerItemProxy section */
		44F54F151FC851B400FB0ACA /* PBXContainerItemProxy */ = {
			isa = PBXContainerItemProxy;
			containerPortal = 44F54EF41FC851B400FB0ACA /* Project object */;
			proxyType = 1;
			remoteGlobalIDString = 44F54EFB1FC851B400FB0ACA;
			remoteInfo = TableViewTest;
		};
		44F54F201FC851B400FB0ACA /* PBXContainerItemProxy */ = {
			isa = PBXContainerItemProxy;
			containerPortal = 44F54EF41FC851B400FB0ACA /* Project object */;
			proxyType = 1;
			remoteGlobalIDString = 44F54EFB1FC851B400FB0ACA;
			remoteInfo = TableViewTest;
		};
/* End PBXContainerItemProxy section */

/* Begin PBXFileReference section */
		4445A2861FFB84010082A179 /* PersonTest.m */ = {isa = PBXFileReference; lastKnownFileType = sourcecode.c.objc; path = PersonTest.m; sourceTree = "<group>"; };
		446E3CCD1FDACE4500AE99D7 /* Person.h */ = {isa = PBXFileReference; lastKnownFileType = sourcecode.c.h; path = Person.h; sourceTree = "<group>"; };
		446E3CCE1FDACE4500AE99D7 /* Person.m */ = {isa = PBXFileReference; lastKnownFileType = sourcecode.c.objc; path = Person.m; sourceTree = "<group>"; };
		44F54EFC1FC851B400FB0ACA /* TableViewTest.app */ = {isa = PBXFileReference; explicitFileType = wrapper.application; includeInIndex = 0; path = TableViewTest.app; sourceTree = BUILT_PRODUCTS_DIR; };
		44F54EFF1FC851B400FB0ACA /* AppDelegate.h */ = {isa = PBXFileReference; lastKnownFileType = sourcecode.c.h; path = AppDelegate.h; sourceTree = "<group>"; };
		44F54F001FC851B400FB0ACA /* AppDelegate.m */ = {isa = PBXFileReference; lastKnownFileType = sourcecode.c.objc; path = AppDelegate.m; sourceTree = "<group>"; };
		44F54F021FC851B400FB0ACA /* ViewController.h */ = {isa = PBXFileReference; lastKnownFileType = sourcecode.c.h; path = ViewController.h; sourceTree = "<group>"; };
		44F54F031FC851B400FB0ACA /* ViewController.m */ = {isa = PBXFileReference; lastKnownFileType = sourcecode.c.objc; path = ViewController.m; sourceTree = "<group>"; };
		44F54F061FC851B400FB0ACA /* Base */ = {isa = PBXFileReference; lastKnownFileType = file.storyboard; name = Base; path = Base.lproj/Main.storyboard; sourceTree = "<group>"; };
		44F54F081FC851B400FB0ACA /* Assets.xcassets */ = {isa = PBXFileReference; lastKnownFileType = folder.assetcatalog; path = Assets.xcassets; sourceTree = "<group>"; };
		44F54F0B1FC851B400FB0ACA /* Base */ = {isa = PBXFileReference; lastKnownFileType = file.storyboard; name = Base; path = Base.lproj/LaunchScreen.storyboard; sourceTree = "<group>"; };
		44F54F0D1FC851B400FB0ACA /* Info.plist */ = {isa = PBXFileReference; lastKnownFileType = text.plist.xml; path = Info.plist; sourceTree = "<group>"; };
		44F54F0E1FC851B400FB0ACA /* main.m */ = {isa = PBXFileReference; lastKnownFileType = sourcecode.c.objc; path = main.m; sourceTree = "<group>"; };
		44F54F141FC851B400FB0ACA /* TableViewTestTests.xctest */ = {isa = PBXFileReference; explicitFileType = wrapper.cfbundle; includeInIndex = 0; path = TableViewTestTests.xctest; sourceTree = BUILT_PRODUCTS_DIR; };
		44F54F181FC851B400FB0ACA /* TableViewTestTests.m */ = {isa = PBXFileReference; lastKnownFileType = sourcecode.c.objc; path = TableViewTestTests.m; sourceTree = "<group>"; };
		44F54F1A1FC851B400FB0ACA /* Info.plist */ = {isa = PBXFileReference; lastKnownFileType = text.plist.xml; path = Info.plist; sourceTree = "<group>"; };
		44F54F1F1FC851B400FB0ACA /* TableViewTestUITests.xctest */ = {isa = PBXFileReference; explicitFileType = wrapper.cfbundle; includeInIndex = 0; path = TableViewTestUITests.xctest; sourceTree = BUILT_PRODUCTS_DIR; };
		44F54F231FC851B400FB0ACA /* TableViewTestUITests.m */ = {isa = PBXFileReference; lastKnownFileType = sourcecode.c.objc; path = TableViewTestUITests.m; sourceTree = "<group>"; };
		44F54F251FC851B400FB0ACA /* Info.plist */ = {isa = PBXFileReference; lastKnownFileType = text.plist.xml; path = Info.plist; sourceTree = "<group>"; };
		44F54F311FC864D900FB0ACA /* NameTableViewCell.h */ = {isa = PBXFileReference; lastKnownFileType = sourcecode.c.h; path = NameTableViewCell.h; sourceTree = "<group>"; };
		44F54F321FC864D900FB0ACA /* NameTableViewCell.m */ = {isa = PBXFileReference; lastKnownFileType = sourcecode.c.objc; path = NameTableViewCell.m; sourceTree = "<group>"; };
		44F54F351FC8720400FB0ACA /* TableViewTest.h */ = {isa = PBXFileReference; lastKnownFileType = sourcecode.c.h; path = TableViewTest.h; sourceTree = "<group>"; };
		44F54F361FC8720400FB0ACA /* TableViewTest.m */ = {isa = PBXFileReference; lastKnownFileType = sourcecode.c.objc; path = TableViewTest.m; sourceTree = "<group>"; };
/* End PBXFileReference section */

/* Begin PBXFrameworksBuildPhase section */
		44F54EF91FC851B400FB0ACA /* Frameworks */ = {
			isa = PBXFrameworksBuildPhase;
			buildActionMask = 2147483647;
			files = (
			);
			runOnlyForDeploymentPostprocessing = 0;
		};
		44F54F111FC851B400FB0ACA /* Frameworks */ = {
			isa = PBXFrameworksBuildPhase;
			buildActionMask = 2147483647;
			files = (
			);
			runOnlyForDeploymentPostprocessing = 0;
		};
		44F54F1C1FC851B400FB0ACA /* Frameworks */ = {
			isa = PBXFrameworksBuildPhase;
			buildActionMask = 2147483647;
			files = (
			);
			runOnlyForDeploymentPostprocessing = 0;
		};
/* End PBXFrameworksBuildPhase section */

/* Begin PBXGroup section */
		4411EE6C1FD166AD004F9E98 /* View */ = {
			isa = PBXGroup;
			children = (
				44F54F021FC851B400FB0ACA /* ViewController.h */,
				44F54F031FC851B400FB0ACA /* ViewController.m */,
				44F54F351FC8720400FB0ACA /* TableViewTest.h */,
				44F54F361FC8720400FB0ACA /* TableViewTest.m */,
			);
			path = View;
			sourceTree = "<group>";
		};
		4411EE6D1FD166C9004F9E98 /* Cell */ = {
			isa = PBXGroup;
			children = (
				44F54F311FC864D900FB0ACA /* NameTableViewCell.h */,
				44F54F321FC864D900FB0ACA /* NameTableViewCell.m */,
			);
			path = Cell;
			sourceTree = "<group>";
		};
		4411EE6E1FD166DD004F9E98 /* Model */ = {
			isa = PBXGroup;
			children = (
				446E3CCD1FDACE4500AE99D7 /* Person.h */,
				446E3CCE1FDACE4500AE99D7 /* Person.m */,
			);
			path = Model;
			sourceTree = "<group>";
		};
		44F54EF31FC851B400FB0ACA = {
			isa = PBXGroup;
			children = (
				44F54EFE1FC851B400FB0ACA /* TableViewTest */,
				44F54F171FC851B400FB0ACA /* TableViewTestTests */,
				44F54F221FC851B400FB0ACA /* TableViewTestUITests */,
				44F54EFD1FC851B400FB0ACA /* Products */,
			);
			sourceTree = "<group>";
		};
		44F54EFD1FC851B400FB0ACA /* Products */ = {
			isa = PBXGroup;
			children = (
				44F54EFC1FC851B400FB0ACA /* TableViewTest.app */,
				44F54F141FC851B400FB0ACA /* TableViewTestTests.xctest */,
				44F54F1F1FC851B400FB0ACA /* TableViewTestUITests.xctest */,
			);
			name = Products;
			sourceTree = "<group>";
		};
		44F54EFE1FC851B400FB0ACA /* TableViewTest */ = {
			isa = PBXGroup;
			children = (
				44F54F341FC864E600FB0ACA /* Classes */,
				44F54EFF1FC851B400FB0ACA /* AppDelegate.h */,
				44F54F001FC851B400FB0ACA /* AppDelegate.m */,
				44F54F051FC851B400FB0ACA /* Main.storyboard */,
				44F54F081FC851B400FB0ACA /* Assets.xcassets */,
				44F54F0A1FC851B400FB0ACA /* LaunchScreen.storyboard */,
				44F54F0D1FC851B400FB0ACA /* Info.plist */,
				44F54F0E1FC851B400FB0ACA /* main.m */,
			);
			path = TableViewTest;
			sourceTree = "<group>";
		};
		44F54F171FC851B400FB0ACA /* TableViewTestTests */ = {
			isa = PBXGroup;
			children = (
				44F54F1A1FC851B400FB0ACA /* Info.plist */,
				44F54F181FC851B400FB0ACA /* TableViewTestTests.m */,
				4445A2861FFB84010082A179 /* PersonTest.m */,
			);
			path = TableViewTestTests;
			sourceTree = "<group>";
		};
		44F54F221FC851B400FB0ACA /* TableViewTestUITests */ = {
			isa = PBXGroup;
			children = (
				44F54F231FC851B400FB0ACA /* TableViewTestUITests.m */,
				44F54F251FC851B400FB0ACA /* Info.plist */,
			);
			path = TableViewTestUITests;
			sourceTree = "<group>";
		};
		44F54F341FC864E600FB0ACA /* Classes */ = {
			isa = PBXGroup;
			children = (
				4411EE6E1FD166DD004F9E98 /* Model */,
				4411EE6D1FD166C9004F9E98 /* Cell */,
				4411EE6C1FD166AD004F9E98 /* View */,
			);
			path = Classes;
			sourceTree = "<group>";
		};
/* End PBXGroup section */

/* Begin PBXNativeTarget section */
		44F54EFB1FC851B400FB0ACA /* TableViewTest */ = {
			isa = PBXNativeTarget;
			buildConfigurationList = 44F54F281FC851B400FB0ACA /* Build configuration list for PBXNativeTarget "TableViewTest" */;
			buildPhases = (
				44F54EF81FC851B400FB0ACA /* Sources */,
				44F54EF91FC851B400FB0ACA /* Frameworks */,
				44F54EFA1FC851B400FB0ACA /* Resources */,
			);
			buildRules = (
			);
			dependencies = (
			);
			name = TableViewTest;
			productName = TableViewTest;
			productReference = 44F54EFC1FC851B400FB0ACA /* TableViewTest.app */;
			productType = "com.apple.product-type.application";
		};
		44F54F131FC851B400FB0ACA /* TableViewTestTests */ = {
			isa = PBXNativeTarget;
			buildConfigurationList = 44F54F2B1FC851B400FB0ACA /* Build configuration list for PBXNativeTarget "TableViewTestTests" */;
			buildPhases = (
				44F54F101FC851B400FB0ACA /* Sources */,
				44F54F111FC851B400FB0ACA /* Frameworks */,
				44F54F121FC851B400FB0ACA /* Resources */,
			);
			buildRules = (
			);
			dependencies = (
				44F54F161FC851B400FB0ACA /* PBXTargetDependency */,
			);
			name = TableViewTestTests;
			productName = TableViewTestTests;
			productReference = 44F54F141FC851B400FB0ACA /* TableViewTestTests.xctest */;
			productType = "com.apple.product-type.bundle.unit-test";
		};
		44F54F1E1FC851B400FB0ACA /* TableViewTestUITests */ = {
			isa = PBXNativeTarget;
			buildConfigurationList = 44F54F2E1FC851B400FB0ACA /* Build configuration list for PBXNativeTarget "TableViewTestUITests" */;
			buildPhases = (
				44F54F1B1FC851B400FB0ACA /* Sources */,
				44F54F1C1FC851B400FB0ACA /* Frameworks */,
				44F54F1D1FC851B400FB0ACA /* Resources */,
			);
			buildRules = (
			);
			dependencies = (
				44F54F211FC851B400FB0ACA /* PBXTargetDependency */,
			);
			name = TableViewTestUITests;
			productName = TableViewTestUITests;
			productReference = 44F54F1F1FC851B400FB0ACA /* TableViewTestUITests.xctest */;
			productType = "com.apple.product-type.bundle.ui-testing";
		};
/* End PBXNativeTarget section */

/* Begin PBXProject section */
		44F54EF41FC851B400FB0ACA /* Project object */ = {
			isa = PBXProject;
			attributes = {
				LastUpgradeCheck = 0910;
				ORGANIZATIONNAME = SNCFDev;
				TargetAttributes = {
					44F54EFB1FC851B400FB0ACA = {
						CreatedOnToolsVersion = 9.1;
						ProvisioningStyle = Automatic;
					};
					44F54F131FC851B400FB0ACA = {
						CreatedOnToolsVersion = 9.1;
						ProvisioningStyle = Automatic;
						TestTargetID = 44F54EFB1FC851B400FB0ACA;
					};
					44F54F1E1FC851B400FB0ACA = {
						CreatedOnToolsVersion = 9.1;
						ProvisioningStyle = Automatic;
						TestTargetID = 44F54EFB1FC851B400FB0ACA;
					};
				};
			};
			buildConfigurationList = 44F54EF71FC851B400FB0ACA /* Build configuration list for PBXProject "TableViewTest" */;
			compatibilityVersion = "Xcode 8.0";
			developmentRegion = en;
			hasScannedForEncodings = 0;
			knownRegions = (
				en,
				Base,
			);
			mainGroup = 44F54EF31FC851B400FB0ACA;
			productRefGroup = 44F54EFD1FC851B400FB0ACA /* Products */;
			projectDirPath = "";
			projectRoot = "";
			targets = (
				44F54EFB1FC851B400FB0ACA /* TableViewTest */,
				44F54F131FC851B400FB0ACA /* TableViewTestTests */,
				44F54F1E1FC851B400FB0ACA /* TableViewTestUITests */,
			);
		};
/* End PBXProject section */

/* Begin PBXResourcesBuildPhase section */
		44F54EFA1FC851B400FB0ACA /* Resources */ = {
			isa = PBXResourcesBuildPhase;
			buildActionMask = 2147483647;
			files = (
				44F54F0C1FC851B400FB0ACA /* LaunchScreen.storyboard in Resources */,
				44F54F091FC851B400FB0ACA /* Assets.xcassets in Resources */,
				44F54F071FC851B400FB0ACA /* Main.storyboard in Resources */,
			);
			runOnlyForDeploymentPostprocessing = 0;
		};
		44F54F121FC851B400FB0ACA /* Resources */ = {
			isa = PBXResourcesBuildPhase;
			buildActionMask = 2147483647;
			files = (
			);
			runOnlyForDeploymentPostprocessing = 0;
		};
		44F54F1D1FC851B400FB0ACA /* Resources */ = {
			isa = PBXResourcesBuildPhase;
			buildActionMask = 2147483647;
			files = (
			);
			runOnlyForDeploymentPostprocessing = 0;
		};
/* End PBXResourcesBuildPhase section */

/* Begin PBXSourcesBuildPhase section */
		44F54EF81FC851B400FB0ACA /* Sources */ = {
			isa = PBXSourcesBuildPhase;
			buildActionMask = 2147483647;
			files = (
				44F54F041FC851B400FB0ACA /* ViewController.m in Sources */,
				446E3CCF1FDACE4500AE99D7 /* Person.m in Sources */,
				44F54F371FC8720400FB0ACA /* TableViewTest.m in Sources */,
				44F54F0F1FC851B400FB0ACA /* main.m in Sources */,
				44F54F331FC864D900FB0ACA /* NameTableViewCell.m in Sources */,
				44F54F011FC851B400FB0ACA /* AppDelegate.m in Sources */,
			);
			runOnlyForDeploymentPostprocessing = 0;
		};
		44F54F101FC851B400FB0ACA /* Sources */ = {
			isa = PBXSourcesBuildPhase;
			buildActionMask = 2147483647;
			files = (
				4445A2871FFB84010082A179 /* PersonTest.m in Sources */,
				44F54F191FC851B400FB0ACA /* TableViewTestTests.m in Sources */,
			);
			runOnlyForDeploymentPostprocessing = 0;
		};
		44F54F1B1FC851B400FB0ACA /* Sources */ = {
			isa = PBXSourcesBuildPhase;
			buildActionMask = 2147483647;
			files = (
				44F54F241FC851B400FB0ACA /* TableViewTestUITests.m in Sources */,
			);
			runOnlyForDeploymentPostprocessing = 0;
		};
/* End PBXSourcesBuildPhase section */

/* Begin PBXTargetDependency section */
		44F54F161FC851B400FB0ACA /* PBXTargetDependency */ = {
			isa = PBXTargetDependency;
			target = 44F54EFB1FC851B400FB0ACA /* TableViewTest */;
			targetProxy = 44F54F151FC851B400FB0ACA /* PBXContainerItemProxy */;
		};
		44F54F211FC851B400FB0ACA /* PBXTargetDependency */ = {
			isa = PBXTargetDependency;
			target = 44F54EFB1FC851B400FB0ACA /* TableViewTest */;
			targetProxy = 44F54F201FC851B400FB0ACA /* PBXContainerItemProxy */;
		};
/* End PBXTargetDependency section */

/* Begin PBXVariantGroup section */
		44F54F051FC851B400FB0ACA /* Main.storyboard */ = {
			isa = PBXVariantGroup;
			children = (
				44F54F061FC851B400FB0ACA /* Base */,
			);
			name = Main.storyboard;
			sourceTree = "<group>";
		};
		44F54F0A1FC851B400FB0ACA /* LaunchScreen.storyboard */ = {
			isa = PBXVariantGroup;
			children = (
				44F54F0B1FC851B400FB0ACA /* Base */,
			);
			name = LaunchScreen.storyboard;
			sourceTree = "<group>";
		};
/* End PBXVariantGroup section */

/* Begin XCBuildConfiguration section */
		44F54F261FC851B400FB0ACA /* Debug */ = {
			isa = XCBuildConfiguration;
			buildSettings = {
				ALWAYS_SEARCH_USER_PATHS = NO;
				CLANG_ANALYZER_NONNULL = YES;
				CLANG_ANALYZER_NUMBER_OBJECT_CONVERSION = YES_AGGRESSIVE;
				CLANG_CXX_LANGUAGE_STANDARD = "gnu++14";
				CLANG_CXX_LIBRARY = "libc++";
				CLANG_ENABLE_MODULES = YES;
				CLANG_ENABLE_OBJC_ARC = YES;
				CLANG_WARN_BLOCK_CAPTURE_AUTORELEASING = YES;
				CLANG_WARN_BOOL_CONVERSION = YES;
				CLANG_WARN_COMMA = YES;
				CLANG_WARN_CONSTANT_CONVERSION = YES;
				CLANG_WARN_DIRECT_OBJC_ISA_USAGE = YES_ERROR;
				CLANG_WARN_DOCUMENTATION_COMMENTS = YES;
				CLANG_WARN_EMPTY_BODY = YES;
				CLANG_WARN_ENUM_CONVERSION = YES;
				CLANG_WARN_INFINITE_RECURSION = YES;
				CLANG_WARN_INT_CONVERSION = YES;
				CLANG_WARN_NON_LITERAL_NULL_CONVERSION = YES;
				CLANG_WARN_OBJC_LITERAL_CONVERSION = YES;
				CLANG_WARN_OBJC_ROOT_CLASS = YES_ERROR;
				CLANG_WARN_RANGE_LOOP_ANALYSIS = YES;
				CLANG_WARN_STRICT_PROTOTYPES = YES;
				CLANG_WARN_SUSPICIOUS_MOVE = YES;
				CLANG_WARN_UNGUARDED_AVAILABILITY = YES_AGGRESSIVE;
				CLANG_WARN_UNREACHABLE_CODE = YES;
				CLANG_WARN__DUPLICATE_METHOD_MATCH = YES;
				CODE_SIGN_IDENTITY = "iPhone Developer";
				COPY_PHASE_STRIP = YES;
				DEBUG_INFORMATION_FORMAT = dwarf;
				ENABLE_STRICT_OBJC_MSGSEND = YES;
				ENABLE_TESTABILITY = YES;
				GCC_C_LANGUAGE_STANDARD = gnu11;
				GCC_DYNAMIC_NO_PIC = NO;
				GCC_NO_COMMON_BLOCKS = YES;
				GCC_OPTIMIZATION_LEVEL = 0;
				GCC_PREPROCESSOR_DEFINITIONS = (
					"DEBUG=1",
					"$(inherited)",
				);
				GCC_WARN_64_TO_32_BIT_CONVERSION = YES;
				GCC_WARN_ABOUT_RETURN_TYPE = YES_ERROR;
				GCC_WARN_UNDECLARED_SELECTOR = YES;
				GCC_WARN_UNINITIALIZED_AUTOS = YES_AGGRESSIVE;
				GCC_WARN_UNUSED_FUNCTION = YES;
				GCC_WARN_UNUSED_VARIABLE = YES;
				IPHONEOS_DEPLOYMENT_TARGET = 11.1;
				MTL_ENABLE_DEBUG_INFO = YES;
				ONLY_ACTIVE_ARCH = YES;
				SDKROOT = iphoneos;
			};
			name = Debug;
		};
		44F54F271FC851B400FB0ACA /* Release */ = {
			isa = XCBuildConfiguration;
			buildSettings = {
				ALWAYS_SEARCH_USER_PATHS = NO;
				CLANG_ANALYZER_NONNULL = YES;
				CLANG_ANALYZER_NUMBER_OBJECT_CONVERSION = YES_AGGRESSIVE;
				CLANG_CXX_LANGUAGE_STANDARD = "gnu++14";
				CLANG_CXX_LIBRARY = "libc++";
				CLANG_ENABLE_MODULES = YES;
				CLANG_ENABLE_OBJC_ARC = YES;
				CLANG_WARN_BLOCK_CAPTURE_AUTORELEASING = YES;
				CLANG_WARN_BOOL_CONVERSION = YES;
				CLANG_WARN_COMMA = YES;
				CLANG_WARN_CONSTANT_CONVERSION = YES;
				CLANG_WARN_DIRECT_OBJC_ISA_USAGE = YES_ERROR;
				CLANG_WARN_DOCUMENTATION_COMMENTS = YES;
				CLANG_WARN_EMPTY_BODY = YES;
				CLANG_WARN_ENUM_CONVERSION = YES;
				CLANG_WARN_INFINITE_RECURSION = YES;
				CLANG_WARN_INT_CONVERSION = YES;
				CLANG_WARN_NON_LITERAL_NULL_CONVERSION = YES;
				CLANG_WARN_OBJC_LITERAL_CONVERSION = YES;
				CLANG_WARN_OBJC_ROOT_CLASS = YES_ERROR;
				CLANG_WARN_RANGE_LOOP_ANALYSIS = YES;
				CLANG_WARN_STRICT_PROTOTYPES = YES;
				CLANG_WARN_SUSPICIOUS_MOVE = YES;
				CLANG_WARN_UNGUARDED_AVAILABILITY = YES_AGGRESSIVE;
				CLANG_WARN_UNREACHABLE_CODE = YES;
				CLANG_WARN__DUPLICATE_METHOD_MATCH = YES;
				CODE_SIGN_IDENTITY = "iPhone Developer";
				COPY_PHASE_STRIP = YES;
				DEBUG_INFORMATION_FORMAT = "dwarf-with-dsym";
				ENABLE_NS_ASSERTIONS = NO;
				ENABLE_STRICT_OBJC_MSGSEND = YES;
				GCC_C_LANGUAGE_STANDARD = gnu11;
				GCC_NO_COMMON_BLOCKS = YES;
				GCC_WARN_64_TO_32_BIT_CONVERSION = YES;
				GCC_WARN_ABOUT_RETURN_TYPE = YES_ERROR;
				GCC_WARN_UNDECLARED_SELECTOR = YES;
				GCC_WARN_UNINITIALIZED_AUTOS = YES_AGGRESSIVE;
				GCC_WARN_UNUSED_FUNCTION = YES;
				GCC_WARN_UNUSED_VARIABLE = YES;
				IPHONEOS_DEPLOYMENT_TARGET = 11.1;
				MTL_ENABLE_DEBUG_INFO = NO;
				SDKROOT = iphoneos;
				VALIDATE_PRODUCT = YES;
			};
			name = Release;
		};
		44F54F291FC851B400FB0ACA /* Debug */ = {
			isa = XCBuildConfiguration;
			buildSettings = {
				ASSETCATALOG_COMPILER_APPICON_NAME = AppIcon;
				"CODE_SIGN_IDENTITY[sdk=iphoneos*]" = "iPhone Developer";
				CODE_SIGN_STYLE = Automatic;
				DEVELOPMENT_TEAM = FR244FNBMY;
				INFOPLIST_FILE = TableViewTest/Info.plist;
				LD_RUNPATH_SEARCH_PATHS = "$(inherited) @executable_path/Frameworks";
				PRODUCT_BUNDLE_IDENTIFIER = test.TableViewTest;
				PRODUCT_NAME = "$(TARGET_NAME)";
				PROVISIONING_PROFILE_SPECIFIER = "";
				TARGETED_DEVICE_FAMILY = "1,2";
			};
			name = Debug;
		};
		44F54F2A1FC851B400FB0ACA /* Release */ = {
			isa = XCBuildConfiguration;
			buildSettings = {
				ASSETCATALOG_COMPILER_APPICON_NAME = AppIcon;
				"CODE_SIGN_IDENTITY[sdk=iphoneos*]" = "iPhone Developer";
				CODE_SIGN_STYLE = Automatic;
				DEVELOPMENT_TEAM = FR244FNBMY;
				INFOPLIST_FILE = TableViewTest/Info.plist;
				LD_RUNPATH_SEARCH_PATHS = "$(inherited) @executable_path/Frameworks";
				PRODUCT_BUNDLE_IDENTIFIER = test.TableViewTest;
				PRODUCT_NAME = "$(TARGET_NAME)";
				PROVISIONING_PROFILE_SPECIFIER = "";
				TARGETED_DEVICE_FAMILY = "1,2";
			};
			name = Release;
		};
		44F54F2C1FC851B400FB0ACA /* Debug */ = {
			isa = XCBuildConfiguration;
			buildSettings = {
				BUNDLE_LOADER = "$(TEST_HOST)";
				CODE_SIGN_STYLE = Automatic;
				INFOPLIST_FILE = TableViewTestTests/Info.plist;
				LD_RUNPATH_SEARCH_PATHS = "$(inherited) @executable_path/Frameworks @loader_path/Frameworks";
				PRODUCT_BUNDLE_IDENTIFIER = test.TableViewTestTests;
				PRODUCT_NAME = "$(TARGET_NAME)";
				TARGETED_DEVICE_FAMILY = "1,2";
				TEST_HOST = "$(BUILT_PRODUCTS_DIR)/TableViewTest.app/TableViewTest";
			};
			name = Debug;
		};
		44F54F2D1FC851B400FB0ACA /* Release */ = {
			isa = XCBuildConfiguration;
			buildSettings = {
				BUNDLE_LOADER = "$(TEST_HOST)";
				CODE_SIGN_STYLE = Automatic;
				INFOPLIST_FILE = TableViewTestTests/Info.plist;
				LD_RUNPATH_SEARCH_PATHS = "$(inherited) @executable_path/Frameworks @loader_path/Frameworks";
				PRODUCT_BUNDLE_IDENTIFIER = test.TableViewTestTests;
				PRODUCT_NAME = "$(TARGET_NAME)";
				TARGETED_DEVICE_FAMILY = "1,2";
				TEST_HOST = "$(BUILT_PRODUCTS_DIR)/TableViewTest.app/TableViewTest";
			};
			name = Release;
		};
		44F54F2F1FC851B400FB0ACA /* Debug */ = {
			isa = XCBuildConfiguration;
			buildSettings = {
				CODE_SIGN_STYLE = Automatic;
				INFOPLIST_FILE = TableViewTestUITests/Info.plist;
				LD_RUNPATH_SEARCH_PATHS = "$(inherited) @executable_path/Frameworks @loader_path/Frameworks";
				PRODUCT_BUNDLE_IDENTIFIER = test.TableViewTestUITests;
				PRODUCT_NAME = "$(TARGET_NAME)";
				TARGETED_DEVICE_FAMILY = "1,2";
				TEST_TARGET_NAME = TableViewTest;
			};
			name = Debug;
		};
		44F54F301FC851B400FB0ACA /* Release */ = {
			isa = XCBuildConfiguration;
			buildSettings = {
				CODE_SIGN_STYLE = Automatic;
				INFOPLIST_FILE = TableViewTestUITests/Info.plist;
				LD_RUNPATH_SEARCH_PATHS = "$(inherited) @executable_path/Frameworks @loader_path/Frameworks";
				PRODUCT_BUNDLE_IDENTIFIER = test.TableViewTestUITests;
				PRODUCT_NAME = "$(TARGET_NAME)";
				TARGETED_DEVICE_FAMILY = "1,2";
				TEST_TARGET_NAME = TableViewTest;
			};
			name = Release;
		};
/* End XCBuildConfiguration section */

/* Begin XCConfigurationList section */
		44F54EF71FC851B400FB0ACA /* Build configuration list for PBXProject "TableViewTest" */ = {
			isa = XCConfigurationList;
			buildConfigurations = (
				44F54F261FC851B400FB0ACA /* Debug */,
				44F54F271FC851B400FB0ACA /* Release */,
			);
			defaultConfigurationIsVisible = 0;
			defaultConfigurationName = Release;
		};
		44F54F281FC851B400FB0ACA /* Build configuration list for PBXNativeTarget "TableViewTest" */ = {
			isa = XCConfigurationList;
			buildConfigurations = (
				44F54F291FC851B400FB0ACA /* Debug */,
				44F54F2A1FC851B400FB0ACA /* Release */,
			);
			defaultConfigurationIsVisible = 0;
			defaultConfigurationName = Release;
		};
		44F54F2B1FC851B400FB0ACA /* Build configuration list for PBXNativeTarget "TableViewTestTests" */ = {
			isa = XCConfigurationList;
			buildConfigurations = (
				44F54F2C1FC851B400FB0ACA /* Debug */,
				44F54F2D1FC851B400FB0ACA /* Release */,
			);
			defaultConfigurationIsVisible = 0;
			defaultConfigurationName = Release;
		};
		44F54F2E1FC851B400FB0ACA /* Build configuration list for PBXNativeTarget "TableViewTestUITests" */ = {
			isa = XCConfigurationList;
			buildConfigurations = (
				44F54F2F1FC851B400FB0ACA /* Debug */,
				44F54F301FC851B400FB0ACA /* Release */,
			);
			defaultConfigurationIsVisible = 0;
			defaultConfigurationName = Release;
		};
/* End XCConfigurationList section */
	};
	rootObject = 44F54EF41FC851B400FB0ACA /* Project object */;
}
